
Microsoft Visual Studio Solution File, Format Version 12.00
# Visual Studio Version 17
VisualStudioVersion = 17.11.35222.181
MinimumVisualStudioVersion = 10.0.40219.1
Project("{FAE04EC0-301F-11D3-BF4B-00C04F79EFBC}") = "OrderManagementAPI", "OrderManagementAPI.csproj", "{F7A30D46-B114-44BB-8DB6-C2B1C4D1BD3A}"
EndProject
Global
	GlobalSection(SolutionConfigurationPlatforms) = preSolution
		Debug|Any CPU = Debug|Any CPU
		Release|Any CPU = Release|Any CPU
	EndGlobalSection
	GlobalSection(ProjectConfigurationPlatforms) = postSolution
		{F7A30D46-B114-44BB-8DB6-C2B1C4D1BD3A}.Debug|Any CPU.ActiveCfg = Debug|Any CPU
		{F7A30D46-B114-44BB-8DB6-C2B1C4D1BD3A}.Debug|Any CPU.Build.0 = Debug|Any CPU
		{F7A30D46-B114-44BB-8DB6-C2B1C4D1BD3A}.Release|Any CPU.ActiveCfg = Release|Any CPU
		{F7A30D46-B114-44BB-8DB6-C2B1C4D1BD3A}.Release|Any CPU.Build.0 = Release|Any CPU
	EndGlobalSection
	GlobalSection(SolutionProperties) = preSolution
		HideSolutionNode = FALSE
	EndGlobalSection
	GlobalSection(ExtensibilityGlobals) = postSolution
		SolutionGuid = {E84F9A3C-B839-4970-95A1-251AAA9AD4ED}
	EndGlobalSection
EndGlobal
